
Microsoft Visual Studio Solution File, Format Version 11.00
# Visual Studio 2010
Project("{FAE04EC0-301F-11D3-BF4B-00C04F79EFBC}") = "api_usage", "api_usage\api_usage.csproj", "{B7B60CA5-978E-449B-84B1-3181F803790F}"
EndProject
Global
	GlobalSection(SolutionConfigurationPlatforms) = preSolution
		Debug|x86 = Debug|x86
		Release|x86 = Release|x86
	EndGlobalSection
	GlobalSection(ProjectConfigurationPlatforms) = postSolution
		{B7B60CA5-978E-449B-84B1-3181F803790F}.Debug|x86.ActiveCfg = Debug|x86
		{B7B60CA5-978E-449B-84B1-3181F803790F}.Debug|x86.Build.0 = Debug|x86
		{B7B60CA5-978E-449B-84B1-3181F803790F}.Release|x86.ActiveCfg = Release|x86
		{B7B60CA5-978E-449B-84B1-3181F803790F}.Release|x86.Build.0 = Release|x86
	EndGlobalSection
	GlobalSection(SolutionProperties) = preSolution
		HideSolutionNode = FALSE
	EndGlobalSection
EndGlobal
